// !$*UTF8*$!
{
	archiveVersion = 1;
	classes = {
	};
	objectVersion = 50;
	objects = {

/* Begin PBXBuildFile section */
		A03F2AD8226DB49D00B0E9F5 /* player.swift in Sources */ = {isa = PBXBuildFile; fileRef = A03F2AD7226DB49D00B0E9F5 /* player.swift */; };
		A03F2ADA226DB9F600B0E9F5 /* board.swift in Sources */ = {isa = PBXBuildFile; fileRef = A03F2AD9226DB9F600B0E9F5 /* board.swift */; };
		A03F2ADC226F0ACB00B0E9F5 /* action.swift in Sources */ = {isa = PBXBuildFile; fileRef = A03F2ADB226F0ACB00B0E9F5 /* action.swift */; };
		A0D1FBA5224E515B00800CB8 /* main.swift in Sources */ = {isa = PBXBuildFile; fileRef = A0D1FBA4224E515B00800CB8 /* main.swift */; };
/* End PBXBuildFile section */

/* Begin PBXCopyFilesBuildPhase section */
		A0D1FB9F224E515B00800CB8 /* CopyFiles */ = {
			isa = PBXCopyFilesBuildPhase;
			buildActionMask = 2147483647;
			dstPath = /usr/share/man/man1/;
			dstSubfolderSpec = 0;
			files = (
			);
			runOnlyForDeploymentPostprocessing = 1;
		};
/* End PBXCopyFilesBuildPhase section */

/* Begin PBXFileReference section */
		A03F2AD7226DB49D00B0E9F5 /* player.swift */ = {isa = PBXFileReference; lastKnownFileType = sourcecode.swift; path = player.swift; sourceTree = "<group>"; };
		A03F2AD9226DB9F600B0E9F5 /* board.swift */ = {isa = PBXFileReference; lastKnownFileType = sourcecode.swift; path = board.swift; sourceTree = "<group>"; };
		A03F2ADB226F0ACB00B0E9F5 /* action.swift */ = {isa = PBXFileReference; lastKnownFileType = sourcecode.swift; path = action.swift; sourceTree = "<group>"; };
		A0D1FBA1224E515B00800CB8 /* SeriousGame */ = {isa = PBXFileReference; explicitFileType = "compiled.mach-o.executable"; includeInIndex = 0; path = SeriousGame; sourceTree = BUILT_PRODUCTS_DIR; };
		A0D1FBA4224E515B00800CB8 /* main.swift */ = {isa = PBXFileReference; lastKnownFileType = sourcecode.swift; path = main.swift; sourceTree = "<group>"; };
/* End PBXFileReference section */

/* Begin PBXFrameworksBuildPhase section */
		A0D1FB9E224E515B00800CB8 /* Frameworks */ = {
			isa = PBXFrameworksBuildPhase;
			buildActionMask = 2147483647;
			files = (
			);
			runOnlyForDeploymentPostprocessing = 0;
		};
/* End PBXFrameworksBuildPhase section */

/* Begin PBXGroup section */
		A0D1FB98224E515B00800CB8 = {
			isa = PBXGroup;
			children = (
				A0D1FBA3224E515B00800CB8 /* SeriousGame */,
				A0D1FBA2224E515B00800CB8 /* Products */,
			);
			sourceTree = "<group>";
		};
		A0D1FBA2224E515B00800CB8 /* Products */ = {
			isa = PBXGroup;
			children = (
				A0D1FBA1224E515B00800CB8 /* SeriousGame */,
			);
			name = Products;
			sourceTree = "<group>";
		};
		A0D1FBA3224E515B00800CB8 /* SeriousGame */ = {
			isa = PBXGroup;
			children = (
				A0D1FBA4224E515B00800CB8 /* main.swift */,
				A03F2AD7226DB49D00B0E9F5 /* player.swift */,
				A03F2AD9226DB9F600B0E9F5 /* board.swift */,
				A03F2ADB226F0ACB00B0E9F5 /* action.swift */,
			);
			path = SeriousGame;
			sourceTree = "<group>";
		};
/* End PBXGroup section */

/* Begin PBXNativeTarget section */
		A0D1FBA0224E515B00800CB8 /* SeriousGame */ = {
			isa = PBXNativeTarget;
			buildConfigurationList = A0D1FBA8224E515B00800CB8 /* Build configuration list for PBXNativeTarget "SeriousGame" */;
			buildPhases = (
				A0D1FB9D224E515B00800CB8 /* Sources */,
				A0D1FB9E224E515B00800CB8 /* Frameworks */,
				A0D1FB9F224E515B00800CB8 /* CopyFiles */,
			);
			buildRules = (
			);
			dependencies = (
			);
			name = SeriousGame;
			productName = SeriousGame;
			productReference = A0D1FBA1224E515B00800CB8 /* SeriousGame */;
			productType = "com.apple.product-type.tool";
		};
/* End PBXNativeTarget section */

/* Begin PBXProject section */
		A0D1FB99224E515B00800CB8 /* Project object */ = {
			isa = PBXProject;
			attributes = {
				LastSwiftUpdateCheck = 1010;
				LastUpgradeCheck = 1010;
				ORGANIZATIONNAME = cui;
				TargetAttributes = {
					A0D1FBA0224E515B00800CB8 = {
						CreatedOnToolsVersion = 10.1;
					};
				};
			};
			buildConfigurationList = A0D1FB9C224E515B00800CB8 /* Build configuration list for PBXProject "SeriousGame" */;
			compatibilityVersion = "Xcode 9.3";
			developmentRegion = en;
			hasScannedForEncodings = 0;
			knownRegions = (
				en,
			);
			mainGroup = A0D1FB98224E515B00800CB8;
			productRefGroup = A0D1FBA2224E515B00800CB8 /* Products */;
			projectDirPath = "";
			projectRoot = "";
			targets = (
				A0D1FBA0224E515B00800CB8 /* SeriousGame */,
			);
		};
/* End PBXProject section */

/* Begin PBXSourcesBuildPhase section */
		A0D1FB9D224E515B00800CB8 /* Sources */ = {
			isa = PBXSourcesBuildPhase;
			buildActionMask = 2147483647;
			files = (
				A03F2AD8226DB49D00B0E9F5 /* player.swift in Sources */,
				A03F2ADC226F0ACB00B0E9F5 /* action.swift in Sources */,
				A0D1FBA5224E515B00800CB8 /* main.swift in Sources */,
				A03F2ADA226DB9F600B0E9F5 /* board.swift in Sources */,
			);
			runOnlyForDeploymentPostprocessing = 0;
		};
/* End PBXSourcesBuildPhase section */

/* Begin XCBuildConfiguration section */
		A0D1FBA6224E515B00800CB8 /* Debug */ = {
			isa = XCBuildConfiguration;
			buildSettings = {
				ALWAYS_SEARCH_USER_PATHS = NO;
				CLANG_ANALYZER_NONNULL = YES;
				CLANG_ANALYZER_NUMBER_OBJECT_CONVERSION = YES_AGGRESSIVE;
				CLANG_CXX_LANGUAGE_STANDARD = "gnu++14";
				CLANG_CXX_LIBRARY = "libc++";
				CLANG_ENABLE_MODULES = YES;
				CLANG_ENABLE_OBJC_ARC = YES;
				CLANG_ENABLE_OBJC_WEAK = YES;
				CLANG_WARN_BLOCK_CAPTURE_AUTORELEASING = YES;
				CLANG_WARN_BOOL_CONVERSION = YES;
				CLANG_WARN_COMMA = YES;
				CLANG_WARN_CONSTANT_CONVERSION = YES;
				CLANG_WARN_DEPRECATED_OBJC_IMPLEMENTATIONS = YES;
				CLANG_WARN_DIRECT_OBJC_ISA_USAGE = YES_ERROR;
				CLANG_WARN_DOCUMENTATION_COMMENTS = YES;
				CLANG_WARN_EMPTY_BODY = YES;
				CLANG_WARN_ENUM_CONVERSION = YES;
				CLANG_WARN_INFINITE_RECURSION = YES;
				CLANG_WARN_INT_CONVERSION = YES;
				CLANG_WARN_NON_LITERAL_NULL_CONVERSION = YES;
				CLANG_WARN_OBJC_IMPLICIT_RETAIN_SELF = YES;
				CLANG_WARN_OBJC_LITERAL_CONVERSION = YES;
				CLANG_WARN_OBJC_ROOT_CLASS = YES_ERROR;
				CLANG_WARN_RANGE_LOOP_ANALYSIS = YES;
				CLANG_WARN_STRICT_PROTOTYPES = YES;
				CLANG_WARN_SUSPICIOUS_MOVE = YES;
				CLANG_WARN_UNGUARDED_AVAILABILITY = YES_AGGRESSIVE;
				CLANG_WARN_UNREACHABLE_CODE = YES;
				CLANG_WARN__DUPLICATE_METHOD_MATCH = YES;
				CODE_SIGN_IDENTITY = "Mac Developer";
				COPY_PHASE_STRIP = NO;
				DEBUG_INFORMATION_FORMAT = dwarf;
				ENABLE_STRICT_OBJC_MSGSEND = YES;
				ENABLE_TESTABILITY = YES;
				GCC_C_LANGUAGE_STANDARD = gnu11;
				GCC_DYNAMIC_NO_PIC = NO;
				GCC_NO_COMMON_BLOCKS = YES;
				GCC_OPTIMIZATION_LEVEL = 0;
				GCC_PREPROCESSOR_DEFINITIONS = (
					"DEBUG=1",
					"$(inherited)",
				);
				GCC_WARN_64_TO_32_BIT_CONVERSION = YES;
				GCC_WARN_ABOUT_RETURN_TYPE = YES_ERROR;
				GCC_WARN_UNDECLARED_SELECTOR = YES;
				GCC_WARN_UNINITIALIZED_AUTOS = YES_AGGRESSIVE;
				GCC_WARN_UNUSED_FUNCTION = YES;
				GCC_WARN_UNUSED_VARIABLE = YES;
				MACOSX_DEPLOYMENT_TARGET = 10.13;
				MTL_ENABLE_DEBUG_INFO = INCLUDE_SOURCE;
				MTL_FAST_MATH = YES;
				ONLY_ACTIVE_ARCH = YES;
				SDKROOT = macosx;
				SWIFT_ACTIVE_COMPILATION_CONDITIONS = DEBUG;
				SWIFT_OPTIMIZATION_LEVEL = "-Onone";
			};
			name = Debug;
		};
		A0D1FBA7224E515B00800CB8 /* Release */ = {
			isa = XCBuildConfiguration;
			buildSettings = {
				ALWAYS_SEARCH_USER_PATHS = NO;
				CLANG_ANALYZER_NONNULL = YES;
				CLANG_ANALYZER_NUMBER_OBJECT_CONVERSION = YES_AGGRESSIVE;
				CLANG_CXX_LANGUAGE_STANDARD = "gnu++14";
				CLANG_CXX_LIBRARY = "libc++";
				CLANG_ENABLE_MODULES = YES;
				CLANG_ENABLE_OBJC_ARC = YES;
				CLANG_ENABLE_OBJC_WEAK = YES;
				CLANG_WARN_BLOCK_CAPTURE_AUTORELEASING = YES;
				CLANG_WARN_BOOL_CONVERSION = YES;
				CLANG_WARN_COMMA = YES;
				CLANG_WARN_CONSTANT_CONVERSION = YES;
				CLANG_WARN_DEPRECATED_OBJC_IMPLEMENTATIONS = YES;
				CLANG_WARN_DIRECT_OBJC_ISA_USAGE = YES_ERROR;
				CLANG_WARN_DOCUMENTATION_COMMENTS = YES;
				CLANG_WARN_EMPTY_BODY = YES;
				CLANG_WARN_ENUM_CONVERSION = YES;
				CLANG_WARN_INFINITE_RECURSION = YES;
				CLANG_WARN_INT_CONVERSION = YES;
				CLANG_WARN_NON_LITERAL_NULL_CONVERSION = YES;
				CLANG_WARN_OBJC_IMPLICIT_RETAIN_SELF = YES;
				CLANG_WARN_OBJC_LITERAL_CONVERSION = YES;
				CLANG_WARN_OBJC_ROOT_CLASS = YES_ERROR;
				CLANG_WARN_RANGE_LOOP_ANALYSIS = YES;
				CLANG_WARN_STRICT_PROTOTYPES = YES;
				CLANG_WARN_SUSPICIOUS_MOVE = YES;
				CLANG_WARN_UNGUARDED_AVAILABILITY = YES_AGGRESSIVE;
				CLANG_WARN_UNREACHABLE_CODE = YES;
				CLANG_WARN__DUPLICATE_METHOD_MATCH = YES;
				CODE_SIGN_IDENTITY = "Mac Developer";
				COPY_PHASE_STRIP = NO;
				DEBUG_INFORMATION_FORMAT = "dwarf-with-dsym";
				ENABLE_NS_ASSERTIONS = NO;
				ENABLE_STRICT_OBJC_MSGSEND = YES;
				GCC_C_LANGUAGE_STANDARD = gnu11;
				GCC_NO_COMMON_BLOCKS = YES;
				GCC_WARN_64_TO_32_BIT_CONVERSION = YES;
				GCC_WARN_ABOUT_RETURN_TYPE = YES_ERROR;
				GCC_WARN_UNDECLARED_SELECTOR = YES;
				GCC_WARN_UNINITIALIZED_AUTOS = YES_AGGRESSIVE;
				GCC_WARN_UNUSED_FUNCTION = YES;
				GCC_WARN_UNUSED_VARIABLE = YES;
				MACOSX_DEPLOYMENT_TARGET = 10.13;
				MTL_ENABLE_DEBUG_INFO = NO;
				MTL_FAST_MATH = YES;
				SDKROOT = macosx;
				SWIFT_COMPILATION_MODE = wholemodule;
				SWIFT_OPTIMIZATION_LEVEL = "-O";
			};
			name = Release;
		};
		A0D1FBA9224E515B00800CB8 /* Debug */ = {
			isa = XCBuildConfiguration;
			buildSettings = {
				CODE_SIGN_STYLE = Automatic;
				DEVELOPMENT_TEAM = 4F7P6GFMAU;
				PRODUCT_NAME = "$(TARGET_NAME)";
				SWIFT_VERSION = 4.2;
			};
			name = Debug;
		};
		A0D1FBAA224E515B00800CB8 /* Release */ = {
			isa = XCBuildConfiguration;
			buildSettings = {
				CODE_SIGN_STYLE = Automatic;
				DEVELOPMENT_TEAM = 4F7P6GFMAU;
				PRODUCT_NAME = "$(TARGET_NAME)";
				SWIFT_VERSION = 4.2;
			};
			name = Release;
		};
/* End XCBuildConfiguration section */

/* Begin XCConfigurationList section */
		A0D1FB9C224E515B00800CB8 /* Build configuration list for PBXProject "SeriousGame" */ = {
			isa = XCConfigurationList;
			buildConfigurations = (
				A0D1FBA6224E515B00800CB8 /* Debug */,
				A0D1FBA7224E515B00800CB8 /* Release */,
			);
			defaultConfigurationIsVisible = 0;
			defaultConfigurationName = Release;
		};
		A0D1FBA8224E515B00800CB8 /* Build configuration list for PBXNativeTarget "SeriousGame" */ = {
			isa = XCConfigurationList;
			buildConfigurations = (
				A0D1FBA9224E515B00800CB8 /* Debug */,
				A0D1FBAA224E515B00800CB8 /* Release */,
			);
			defaultConfigurationIsVisible = 0;
			defaultConfigurationName = Release;
		};
/* End XCConfigurationList section */
	};
	rootObject = A0D1FB99224E515B00800CB8 /* Project object */;
}
